- type: entity
  parent: BaseItem
  id: RMCDigitalClock
  name: "цифровий годинник"
  description: "Годинник на батарейках, здатний показувати час з точністю до 5 секунд... він ніколи не був настільки точним."
  components:
  - type: Item
    size: Small
  - type: Sprite
    sprite: _RMC14/Objects/Devices/clocks.rsi
    state: digital_clock
  - type: RMCClock

- type: entity
  id: RMCCatClock
  name: "котячий годинник"
  description: "Неймовірно моторошний котячий годинник, який оглядає кімнату з кожним тиком і кожним цоканням."
  components:
  - type: Sprite
    drawdepth: WallMountedItems
    sprite: _RMC14/Objects/Devices/clocks.rsi
    state: cat_clock_motion
  - type: RMCClock
  - type: WallMount
  - type: Clickable
  - type: InteractionOutline
  - type: Physics
    bodyType: Static
    canCollide: false
